<?xml version="1.0" encoding="utf-8"?>
<Project ToolsVersion="4.0" xmlns="http://schemas.microsoft.com/developer/msbuild/2003">
  <ItemGroup>
    <Filter Include="Default">
      <UniqueIdentifier>{d8b29972-6e93-44b6-8b73-f26b87b8e1c7}</UniqueIdentifier>
    </Filter>
    <Filter Include="GameObjectEx">
      <UniqueIdentifier>{5ce110e2-7ca7-478c-bd2b-9c70af924e9d}</UniqueIdentifier>
    </Filter>
    <Filter Include="Manager">
      <UniqueIdentifier>{06283012-6176-4c5b-8500-683191ff2a37}</UniqueIdentifier>
    </Filter>
    <Filter Include="Manager\01. EditorMgr">
      <UniqueIdentifier>{6beff801-bd73-4cab-9016-8ba4c0bd95bd}</UniqueIdentifier>
    </Filter>
    <Filter Include="Manager\ImGui">
      <UniqueIdentifier>{3b7a5241-bd5d-4fd4-85a2-5e65e37b8142}</UniqueIdentifier>
    </Filter>
  </ItemGroup>
  <ItemGroup>
    <ClInclude Include="Client.h">
      <Filter>Default</Filter>
    </ClInclude>
    <ClInclude Include="framework.h">
      <Filter>Default</Filter>
    </ClInclude>
    <ClInclude Include="pch.h">
      <Filter>Default</Filter>
    </ClInclude>
    <ClInclude Include="Resource.h">
      <Filter>Default</Filter>
    </ClInclude>
    <ClInclude Include="targetver.h">
      <Filter>Default</Filter>
    </ClInclude>
    <ClInclude Include="CGameObjectEx.h">
      <Filter>GameObjectEx</Filter>
    </ClInclude>
    <ClInclude Include="CEditorMgr.h">
      <Filter>Manager\01. EditorMgr</Filter>
    </ClInclude>
  </ItemGroup>
  <ItemGroup>
    <ClCompile Include="pch.cpp">
      <Filter>Default</Filter>
    </ClCompile>
    <ClCompile Include="Client.cpp" />
    <ClCompile Include="CGameObjectEx.cpp">
      <Filter>GameObjectEx</Filter>
    </ClCompile>
    <ClCompile Include="CEditorMgr.cpp">
      <Filter>Manager\01. EditorMgr</Filter>
    </ClCompile>
  </ItemGroup>
  <ItemGroup>
    <Image Include="Client.ico">
      <Filter>Default</Filter>
    </Image>
    <Image Include="small.ico">
      <Filter>Default</Filter>
    </Image>
  </ItemGroup>
  <ItemGroup>
    <ResourceCompile Include="Client.rc">
      <Filter>Default</Filter>
    </ResourceCompile>
  </ItemGroup>
</Project>